
Microsoft Visual Studio Solution File, Format Version 12.00
# Visual Studio Version 16
VisualStudioVersion = 16.0.30406.217
MinimumVisualStudioVersion = 10.0.40219.1
Project("{FAE04EC0-301F-11D3-BF4B-00C04F79EFBC}") = "Calculadora_Financiera_Team_Vicious", "Calculadora_Financiera_Team_Vicious\Calculadora_Financiera_Team_Vicious.csproj", "{2B2F98E8-B482-4748-9F12-F959B0251BE1}"
EndProject
Global
	GlobalSection(SolutionConfigurationPlatforms) = preSolution
		Debug|Any CPU = Debug|Any CPU
		Release|Any CPU = Release|Any CPU
	EndGlobalSection
	GlobalSection(ProjectConfigurationPlatforms) = postSolution
		{2B2F98E8-B482-4748-9F12-F959B0251BE1}.Debug|Any CPU.ActiveCfg = Debug|Any CPU
		{2B2F98E8-B482-4748-9F12-F959B0251BE1}.Debug|Any CPU.Build.0 = Debug|Any CPU
		{2B2F98E8-B482-4748-9F12-F959B0251BE1}.Release|Any CPU.ActiveCfg = Release|Any CPU
		{2B2F98E8-B482-4748-9F12-F959B0251BE1}.Release|Any CPU.Build.0 = Release|Any CPU
	EndGlobalSection
	GlobalSection(SolutionProperties) = preSolution
		HideSolutionNode = FALSE
	EndGlobalSection
	GlobalSection(ExtensibilityGlobals) = postSolution
		SolutionGuid = {3157CF71-4240-43AD-9226-A2BE5AA039E9}
	EndGlobalSection
EndGlobal
